
Microsoft Visual Studio Solution File, Format Version 12.00
# Visual Studio 14
VisualStudioVersion = 14.0.22823.1
MinimumVisualStudioVersion = 10.0.40219.1
Project("{D954291E-2A0B-460D-934E-DC6B0785DB48}") = "Mamorgen", "Mamorgen\Mamorgen\Mamorgen.shproj", "{92DCBAC9-B69B-4B92-936B-2C83D5AAFF3E}"
EndProject
Project("{FAE04EC0-301F-11D3-BF4B-00C04F79EFBC}") = "Mamorgen.WinPhone", "Mamorgen\Mamorgen.WinPhone\Mamorgen.WinPhone.csproj", "{9BBF9F27-4B8C-4EDF-9A21-ADEB058FC237}"
EndProject
Project("{FAE04EC0-301F-11D3-BF4B-00C04F79EFBC}") = "Mamorgen.iOS", "Mamorgen\Mamorgen.iOS\Mamorgen.iOS.csproj", "{B6D0E65F-E1CD-4B34-9432-FFD0F73A064D}"
EndProject
Project("{FAE04EC0-301F-11D3-BF4B-00C04F79EFBC}") = "Mamorgen.Droid", "Mamorgen\Mamorgen.Droid\Mamorgen.Droid.csproj", "{6C74E472-383E-457C-A778-636054313AD7}"
EndProject
Global
	GlobalSection(SharedMSBuildProjectFiles) = preSolution
		Mamorgen\Mamorgen\Mamorgen.projitems*{b6d0e65f-e1cd-4b34-9432-ffd0f73a064d}*SharedItemsImports = 4
		Mamorgen\Mamorgen\Mamorgen.projitems*{92dcbac9-b69b-4b92-936b-2c83d5aaff3e}*SharedItemsImports = 13
		Mamorgen\Mamorgen\Mamorgen.projitems*{6c74e472-383e-457c-a778-636054313ad7}*SharedItemsImports = 4
		Mamorgen\Mamorgen\Mamorgen.projitems*{9bbf9f27-4b8c-4edf-9a21-adeb058fc237}*SharedItemsImports = 4
	EndGlobalSection
	GlobalSection(SolutionConfigurationPlatforms) = preSolution
		Ad-Hoc|Any CPU = Ad-Hoc|Any CPU
		Ad-Hoc|ARM = Ad-Hoc|ARM
		Ad-Hoc|iPhone = Ad-Hoc|iPhone
		Ad-Hoc|iPhoneSimulator = Ad-Hoc|iPhoneSimulator
		Ad-Hoc|x86 = Ad-Hoc|x86
		AppStore|Any CPU = AppStore|Any CPU
		AppStore|ARM = AppStore|ARM
		AppStore|iPhone = AppStore|iPhone
		AppStore|iPhoneSimulator = AppStore|iPhoneSimulator
		AppStore|x86 = AppStore|x86
		Debug|Any CPU = Debug|Any CPU
		Debug|ARM = Debug|ARM
		Debug|iPhone = Debug|iPhone
		Debug|iPhoneSimulator = Debug|iPhoneSimulator
		Debug|x86 = Debug|x86
		Release|Any CPU = Release|Any CPU
		Release|ARM = Release|ARM
		Release|iPhone = Release|iPhone
		Release|iPhoneSimulator = Release|iPhoneSimulator
		Release|x86 = Release|x86
	EndGlobalSection
	GlobalSection(ProjectConfigurationPlatforms) = postSolution
		{9BBF9F27-4B8C-4EDF-9A21-ADEB058FC237}.Ad-Hoc|Any CPU.ActiveCfg = Release|Any CPU
		{9BBF9F27-4B8C-4EDF-9A21-ADEB058FC237}.Ad-Hoc|Any CPU.Build.0 = Release|Any CPU
		{9BBF9F27-4B8C-4EDF-9A21-ADEB058FC237}.Ad-Hoc|Any CPU.Deploy.0 = Release|Any CPU
		{9BBF9F27-4B8C-4EDF-9A21-ADEB058FC237}.Ad-Hoc|ARM.ActiveCfg = Release|ARM
		{9BBF9F27-4B8C-4EDF-9A21-ADEB058FC237}.Ad-Hoc|ARM.Build.0 = Release|ARM
		{9BBF9F27-4B8C-4EDF-9A21-ADEB058FC237}.Ad-Hoc|ARM.Deploy.0 = Release|ARM
		{9BBF9F27-4B8C-4EDF-9A21-ADEB058FC237}.Ad-Hoc|iPhone.ActiveCfg = Release|Any CPU
		{9BBF9F27-4B8C-4EDF-9A21-ADEB058FC237}.Ad-Hoc|iPhone.Build.0 = Release|Any CPU
		{9BBF9F27-4B8C-4EDF-9A21-ADEB058FC237}.Ad-Hoc|iPhone.Deploy.0 = Release|Any CPU
		{9BBF9F27-4B8C-4EDF-9A21-ADEB058FC237}.Ad-Hoc|iPhoneSimulator.ActiveCfg = Release|Any CPU
		{9BBF9F27-4B8C-4EDF-9A21-ADEB058FC237}.Ad-Hoc|iPhoneSimulator.Build.0 = Release|Any CPU
		{9BBF9F27-4B8C-4EDF-9A21-ADEB058FC237}.Ad-Hoc|iPhoneSimulator.Deploy.0 = Release|Any CPU
		{9BBF9F27-4B8C-4EDF-9A21-ADEB058FC237}.Ad-Hoc|x86.ActiveCfg = Release|x86
		{9BBF9F27-4B8C-4EDF-9A21-ADEB058FC237}.Ad-Hoc|x86.Build.0 = Release|x86
		{9BBF9F27-4B8C-4EDF-9A21-ADEB058FC237}.Ad-Hoc|x86.Deploy.0 = Release|x86
		{9BBF9F27-4B8C-4EDF-9A21-ADEB058FC237}.AppStore|Any CPU.ActiveCfg = Release|Any CPU
		{9BBF9F27-4B8C-4EDF-9A21-ADEB058FC237}.AppStore|Any CPU.Build.0 = Release|Any CPU
		{9BBF9F27-4B8C-4EDF-9A21-ADEB058FC237}.AppStore|Any CPU.Deploy.0 = Release|Any CPU
		{9BBF9F27-4B8C-4EDF-9A21-ADEB058FC237}.AppStore|ARM.ActiveCfg = Release|ARM
		{9BBF9F27-4B8C-4EDF-9A21-ADEB058FC237}.AppStore|ARM.Build.0 = Release|ARM
		{9BBF9F27-4B8C-4EDF-9A21-ADEB058FC237}.AppStore|ARM.Deploy.0 = Release|ARM
		{9BBF9F27-4B8C-4EDF-9A21-ADEB058FC237}.AppStore|iPhone.ActiveCfg = Release|Any CPU
		{9BBF9F27-4B8C-4EDF-9A21-ADEB058FC237}.AppStore|iPhone.Build.0 = Release|Any CPU
		{9BBF9F27-4B8C-4EDF-9A21-ADEB058FC237}.AppStore|iPhone.Deploy.0 = Release|Any CPU
		{9BBF9F27-4B8C-4EDF-9A21-ADEB058FC237}.AppStore|iPhoneSimulator.ActiveCfg = Release|Any CPU
		{9BBF9F27-4B8C-4EDF-9A21-ADEB058FC237}.AppStore|iPhoneSimulator.Build.0 = Release|Any CPU
		{9BBF9F27-4B8C-4EDF-9A21-ADEB058FC237}.AppStore|iPhoneSimulator.Deploy.0 = Release|Any CPU
		{9BBF9F27-4B8C-4EDF-9A21-ADEB058FC237}.AppStore|x86.ActiveCfg = Release|x86
		{9BBF9F27-4B8C-4EDF-9A21-ADEB058FC237}.AppStore|x86.Build.0 = Release|x86
		{9BBF9F27-4B8C-4EDF-9A21-ADEB058FC237}.AppStore|x86.Deploy.0 = Release|x86
		{9BBF9F27-4B8C-4EDF-9A21-ADEB058FC237}.Debug|Any CPU.ActiveCfg = Debug|Any CPU
		{9BBF9F27-4B8C-4EDF-9A21-ADEB058FC237}.Debug|Any CPU.Build.0 = Debug|Any CPU
		{9BBF9F27-4B8C-4EDF-9A21-ADEB058FC237}.Debug|Any CPU.Deploy.0 = Debug|Any CPU
		{9BBF9F27-4B8C-4EDF-9A21-ADEB058FC237}.Debug|ARM.ActiveCfg = Debug|ARM
		{9BBF9F27-4B8C-4EDF-9A21-ADEB058FC237}.Debug|ARM.Build.0 = Debug|ARM
		{9BBF9F27-4B8C-4EDF-9A21-ADEB058FC237}.Debug|ARM.Deploy.0 = Debug|ARM
		{9BBF9F27-4B8C-4EDF-9A21-ADEB058FC237}.Debug|iPhone.ActiveCfg = Debug|Any CPU
		{9BBF9F27-4B8C-4EDF-9A21-ADEB058FC237}.Debug|iPhone.Build.0 = Debug|Any CPU
		{9BBF9F27-4B8C-4EDF-9A21-ADEB058FC237}.Debug|iPhone.Deploy.0 = Debug|Any CPU
		{9BBF9F27-4B8C-4EDF-9A21-ADEB058FC237}.Debug|iPhoneSimulator.ActiveCfg = Debug|Any CPU
		{9BBF9F27-4B8C-4EDF-9A21-ADEB058FC237}.Debug|iPhoneSimulator.Build.0 = Debug|Any CPU
		{9BBF9F27-4B8C-4EDF-9A21-ADEB058FC237}.Debug|iPhoneSimulator.Deploy.0 = Debug|Any CPU
		{9BBF9F27-4B8C-4EDF-9A21-ADEB058FC237}.Debug|x86.ActiveCfg = Debug|x86
		{9BBF9F27-4B8C-4EDF-9A21-ADEB058FC237}.Debug|x86.Build.0 = Debug|x86
		{9BBF9F27-4B8C-4EDF-9A21-ADEB058FC237}.Debug|x86.Deploy.0 = Debug|x86
		{9BBF9F27-4B8C-4EDF-9A21-ADEB058FC237}.Release|Any CPU.ActiveCfg = Release|Any CPU
		{9BBF9F27-4B8C-4EDF-9A21-ADEB058FC237}.Release|Any CPU.Build.0 = Release|Any CPU
		{9BBF9F27-4B8C-4EDF-9A21-ADEB058FC237}.Release|Any CPU.Deploy.0 = Release|Any CPU
		{9BBF9F27-4B8C-4EDF-9A21-ADEB058FC237}.Release|ARM.ActiveCfg = Release|ARM
		{9BBF9F27-4B8C-4EDF-9A21-ADEB058FC237}.Release|ARM.Build.0 = Release|ARM
		{9BBF9F27-4B8C-4EDF-9A21-ADEB058FC237}.Release|ARM.Deploy.0 = Release|ARM
		{9BBF9F27-4B8C-4EDF-9A21-ADEB058FC237}.Release|iPhone.ActiveCfg = Release|Any CPU
		{9BBF9F27-4B8C-4EDF-9A21-ADEB058FC237}.Release|iPhone.Build.0 = Release|Any CPU
		{9BBF9F27-4B8C-4EDF-9A21-ADEB058FC237}.Release|iPhone.Deploy.0 = Release|Any CPU
		{9BBF9F27-4B8C-4EDF-9A21-ADEB058FC237}.Release|iPhoneSimulator.ActiveCfg = Release|Any CPU
		{9BBF9F27-4B8C-4EDF-9A21-ADEB058FC237}.Release|iPhoneSimulator.Build.0 = Release|Any CPU
		{9BBF9F27-4B8C-4EDF-9A21-ADEB058FC237}.Release|iPhoneSimulator.Deploy.0 = Release|Any CPU
		{9BBF9F27-4B8C-4EDF-9A21-ADEB058FC237}.Release|x86.ActiveCfg = Release|x86
		{9BBF9F27-4B8C-4EDF-9A21-ADEB058FC237}.Release|x86.Build.0 = Release|x86
		{9BBF9F27-4B8C-4EDF-9A21-ADEB058FC237}.Release|x86.Deploy.0 = Release|x86
		{B6D0E65F-E1CD-4B34-9432-FFD0F73A064D}.Ad-Hoc|Any CPU.ActiveCfg = Ad-Hoc|iPhone
		{B6D0E65F-E1CD-4B34-9432-FFD0F73A064D}.Ad-Hoc|ARM.ActiveCfg = Ad-Hoc|iPhone
		{B6D0E65F-E1CD-4B34-9432-FFD0F73A064D}.Ad-Hoc|iPhone.ActiveCfg = Ad-Hoc|iPhone
		{B6D0E65F-E1CD-4B34-9432-FFD0F73A064D}.Ad-Hoc|iPhone.Build.0 = Ad-Hoc|iPhone
		{B6D0E65F-E1CD-4B34-9432-FFD0F73A064D}.Ad-Hoc|iPhoneSimulator.ActiveCfg = Ad-Hoc|iPhoneSimulator
		{B6D0E65F-E1CD-4B34-9432-FFD0F73A064D}.Ad-Hoc|iPhoneSimulator.Build.0 = Ad-Hoc|iPhoneSimulator
		{B6D0E65F-E1CD-4B34-9432-FFD0F73A064D}.Ad-Hoc|x86.ActiveCfg = Ad-Hoc|iPhone
		{B6D0E65F-E1CD-4B34-9432-FFD0F73A064D}.AppStore|Any CPU.ActiveCfg = AppStore|iPhone
		{B6D0E65F-E1CD-4B34-9432-FFD0F73A064D}.AppStore|ARM.ActiveCfg = AppStore|iPhone
		{B6D0E65F-E1CD-4B34-9432-FFD0F73A064D}.AppStore|iPhone.ActiveCfg = AppStore|iPhone
		{B6D0E65F-E1CD-4B34-9432-FFD0F73A064D}.AppStore|iPhone.Build.0 = AppStore|iPhone
		{B6D0E65F-E1CD-4B34-9432-FFD0F73A064D}.AppStore|iPhoneSimulator.ActiveCfg = AppStore|iPhoneSimulator
		{B6D0E65F-E1CD-4B34-9432-FFD0F73A064D}.AppStore|iPhoneSimulator.Build.0 = AppStore|iPhoneSimulator
		{B6D0E65F-E1CD-4B34-9432-FFD0F73A064D}.AppStore|x86.ActiveCfg = AppStore|iPhone
		{B6D0E65F-E1CD-4B34-9432-FFD0F73A064D}.Debug|Any CPU.ActiveCfg = Debug|iPhone
		{B6D0E65F-E1CD-4B34-9432-FFD0F73A064D}.Debug|ARM.ActiveCfg = Debug|iPhone
		{B6D0E65F-E1CD-4B34-9432-FFD0F73A064D}.Debug|iPhone.ActiveCfg = Debug|iPhone
		{B6D0E65F-E1CD-4B34-9432-FFD0F73A064D}.Debug|iPhone.Build.0 = Debug|iPhone
		{B6D0E65F-E1CD-4B34-9432-FFD0F73A064D}.Debug|iPhoneSimulator.ActiveCfg = Debug|iPhoneSimulator
		{B6D0E65F-E1CD-4B34-9432-FFD0F73A064D}.Debug|iPhoneSimulator.Build.0 = Debug|iPhoneSimulator
		{B6D0E65F-E1CD-4B34-9432-FFD0F73A064D}.Debug|x86.ActiveCfg = Debug|iPhone
		{B6D0E65F-E1CD-4B34-9432-FFD0F73A064D}.Release|Any CPU.ActiveCfg = Release|iPhone
		{B6D0E65F-E1CD-4B34-9432-FFD0F73A064D}.Release|ARM.ActiveCfg = Release|iPhone
		{B6D0E65F-E1CD-4B34-9432-FFD0F73A064D}.Release|iPhone.ActiveCfg = Release|iPhone
		{B6D0E65F-E1CD-4B34-9432-FFD0F73A064D}.Release|iPhone.Build.0 = Release|iPhone
		{B6D0E65F-E1CD-4B34-9432-FFD0F73A064D}.Release|iPhoneSimulator.ActiveCfg = Release|iPhoneSimulator
		{B6D0E65F-E1CD-4B34-9432-FFD0F73A064D}.Release|iPhoneSimulator.Build.0 = Release|iPhoneSimulator
		{B6D0E65F-E1CD-4B34-9432-FFD0F73A064D}.Release|x86.ActiveCfg = Release|iPhone
		{6C74E472-383E-457C-A778-636054313AD7}.Ad-Hoc|Any CPU.ActiveCfg = Release|Any CPU
		{6C74E472-383E-457C-A778-636054313AD7}.Ad-Hoc|Any CPU.Build.0 = Release|Any CPU
		{6C74E472-383E-457C-A778-636054313AD7}.Ad-Hoc|Any CPU.Deploy.0 = Release|Any CPU
		{6C74E472-383E-457C-A778-636054313AD7}.Ad-Hoc|ARM.ActiveCfg = Release|Any CPU
		{6C74E472-383E-457C-A778-636054313AD7}.Ad-Hoc|ARM.Build.0 = Release|Any CPU
		{6C74E472-383E-457C-A778-636054313AD7}.Ad-Hoc|ARM.Deploy.0 = Release|Any CPU
		{6C74E472-383E-457C-A778-636054313AD7}.Ad-Hoc|iPhone.ActiveCfg = Release|Any CPU
		{6C74E472-383E-457C-A778-636054313AD7}.Ad-Hoc|iPhone.Build.0 = Release|Any CPU
		{6C74E472-383E-457C-A778-636054313AD7}.Ad-Hoc|iPhone.Deploy.0 = Release|Any CPU
		{6C74E472-383E-457C-A778-636054313AD7}.Ad-Hoc|iPhoneSimulator.ActiveCfg = Release|Any CPU
		{6C74E472-383E-457C-A778-636054313AD7}.Ad-Hoc|iPhoneSimulator.Build.0 = Release|Any CPU
		{6C74E472-383E-457C-A778-636054313AD7}.Ad-Hoc|iPhoneSimulator.Deploy.0 = Release|Any CPU
		{6C74E472-383E-457C-A778-636054313AD7}.Ad-Hoc|x86.ActiveCfg = Release|Any CPU
		{6C74E472-383E-457C-A778-636054313AD7}.Ad-Hoc|x86.Build.0 = Release|Any CPU
		{6C74E472-383E-457C-A778-636054313AD7}.Ad-Hoc|x86.Deploy.0 = Release|Any CPU
		{6C74E472-383E-457C-A778-636054313AD7}.AppStore|Any CPU.ActiveCfg = Release|Any CPU
		{6C74E472-383E-457C-A778-636054313AD7}.AppStore|Any CPU.Build.0 = Release|Any CPU
		{6C74E472-383E-457C-A778-636054313AD7}.AppStore|Any CPU.Deploy.0 = Release|Any CPU
		{6C74E472-383E-457C-A778-636054313AD7}.AppStore|ARM.ActiveCfg = Release|Any CPU
		{6C74E472-383E-457C-A778-636054313AD7}.AppStore|ARM.Build.0 = Release|Any CPU
		{6C74E472-383E-457C-A778-636054313AD7}.AppStore|ARM.Deploy.0 = Release|Any CPU
		{6C74E472-383E-457C-A778-636054313AD7}.AppStore|iPhone.ActiveCfg = Release|Any CPU
		{6C74E472-383E-457C-A778-636054313AD7}.AppStore|iPhone.Build.0 = Release|Any CPU
		{6C74E472-383E-457C-A778-636054313AD7}.AppStore|iPhone.Deploy.0 = Release|Any CPU
		{6C74E472-383E-457C-A778-636054313AD7}.AppStore|iPhoneSimulator.ActiveCfg = Release|Any CPU
		{6C74E472-383E-457C-A778-636054313AD7}.AppStore|iPhoneSimulator.Build.0 = Release|Any CPU
		{6C74E472-383E-457C-A778-636054313AD7}.AppStore|iPhoneSimulator.Deploy.0 = Release|Any CPU
		{6C74E472-383E-457C-A778-636054313AD7}.AppStore|x86.ActiveCfg = Release|Any CPU
		{6C74E472-383E-457C-A778-636054313AD7}.AppStore|x86.Build.0 = Release|Any CPU
		{6C74E472-383E-457C-A778-636054313AD7}.AppStore|x86.Deploy.0 = Release|Any CPU
		{6C74E472-383E-457C-A778-636054313AD7}.Debug|Any CPU.ActiveCfg = Debug|Any CPU
		{6C74E472-383E-457C-A778-636054313AD7}.Debug|Any CPU.Build.0 = Debug|Any CPU
		{6C74E472-383E-457C-A778-636054313AD7}.Debug|Any CPU.Deploy.0 = Debug|Any CPU
		{6C74E472-383E-457C-A778-636054313AD7}.Debug|ARM.ActiveCfg = Debug|Any CPU
		{6C74E472-383E-457C-A778-636054313AD7}.Debug|ARM.Build.0 = Debug|Any CPU
		{6C74E472-383E-457C-A778-636054313AD7}.Debug|ARM.Deploy.0 = Debug|Any CPU
		{6C74E472-383E-457C-A778-636054313AD7}.Debug|iPhone.ActiveCfg = Debug|Any CPU
		{6C74E472-383E-457C-A778-636054313AD7}.Debug|iPhone.Build.0 = Debug|Any CPU
		{6C74E472-383E-457C-A778-636054313AD7}.Debug|iPhone.Deploy.0 = Debug|Any CPU
		{6C74E472-383E-457C-A778-636054313AD7}.Debug|iPhoneSimulator.ActiveCfg = Debug|Any CPU
		{6C74E472-383E-457C-A778-636054313AD7}.Debug|iPhoneSimulator.Build.0 = Debug|Any CPU
		{6C74E472-383E-457C-A778-636054313AD7}.Debug|iPhoneSimulator.Deploy.0 = Debug|Any CPU
		{6C74E472-383E-457C-A778-636054313AD7}.Debug|x86.ActiveCfg = Debug|Any CPU
		{6C74E472-383E-457C-A778-636054313AD7}.Debug|x86.Build.0 = Debug|Any CPU
		{6C74E472-383E-457C-A778-636054313AD7}.Debug|x86.Deploy.0 = Debug|Any CPU
		{6C74E472-383E-457C-A778-636054313AD7}.Release|Any CPU.ActiveCfg = Release|Any CPU
		{6C74E472-383E-457C-A778-636054313AD7}.Release|Any CPU.Build.0 = Release|Any CPU
		{6C74E472-383E-457C-A778-636054313AD7}.Release|Any CPU.Deploy.0 = Release|Any CPU
		{6C74E472-383E-457C-A778-636054313AD7}.Release|ARM.ActiveCfg = Release|Any CPU
		{6C74E472-383E-457C-A778-636054313AD7}.Release|ARM.Build.0 = Release|Any CPU
		{6C74E472-383E-457C-A778-636054313AD7}.Release|ARM.Deploy.0 = Release|Any CPU
		{6C74E472-383E-457C-A778-636054313AD7}.Release|iPhone.ActiveCfg = Release|Any CPU
		{6C74E472-383E-457C-A778-636054313AD7}.Release|iPhone.Build.0 = Release|Any CPU
		{6C74E472-383E-457C-A778-636054313AD7}.Release|iPhone.Deploy.0 = Release|Any CPU
		{6C74E472-383E-457C-A778-636054313AD7}.Release|iPhoneSimulator.ActiveCfg = Release|Any CPU
		{6C74E472-383E-457C-A778-636054313AD7}.Release|iPhoneSimulator.Build.0 = Release|Any CPU
		{6C74E472-383E-457C-A778-636054313AD7}.Release|iPhoneSimulator.Deploy.0 = Release|Any CPU
		{6C74E472-383E-457C-A778-636054313AD7}.Release|x86.ActiveCfg = Release|Any CPU
		{6C74E472-383E-457C-A778-636054313AD7}.Release|x86.Build.0 = Release|Any CPU
		{6C74E472-383E-457C-A778-636054313AD7}.Release|x86.Deploy.0 = Release|Any CPU
	EndGlobalSection
	GlobalSection(SolutionProperties) = preSolution
		HideSolutionNode = FALSE
	EndGlobalSection
EndGlobal
